{
  "name": "yomi-skill",
  "lockfileVersion": 3,
  "requires": true,
  "packages": {
    "": {
      "dependencies": {
        "gaussian": "^1.3.0"
      }
    },
    "node_modules/gaussian": {
      "version": "1.3.0",
      "resolved": "https://registry.npmjs.org/gaussian/-/gaussian-1.3.0.tgz",
      "integrity": "sha512-rYQ0ESfB+z0t7G95nHH80Zh7Pgg9A0FUYoZqV0yPec5WJZWKIHV2MPYpiJNy8oZAeVqyKwC10WXKSCnUQ5iDVg==",
      "engines": {
        "node": ">= 0.6.0"
      }
    }
  }
}
